
Microsoft Visual Studio Solution File, Format Version 12.00
# Visual Studio 15
Project("{FAE04EC0-301F-11D3-BF4B-00C04F79EFBC}") = "Unity.XR.Interaction.Toolkit.Samples.DeviceSimulator", "Unity.XR.Interaction.Toolkit.Samples.DeviceSimulator.csproj", "{F686F179-A77B-6374-4015-B3ECAC3A8A72}"
EndProject
Project("{FAE04EC0-301F-11D3-BF4B-00C04F79EFBC}") = "Assembly-CSharp", "Assembly-CSharp.csproj", "{1BC47134-49AE-4A40-4EF1-AF0A40058628}"
EndProject
Project("{FAE04EC0-301F-11D3-BF4B-00C04F79EFBC}") = "Unity.XR.Interaction.Toolkit.Samples.Hands", "Unity.XR.Interaction.Toolkit.Samples.Hands.csproj", "{9B6B5F52-4209-DC02-18F7-8D59B89439C4}"
EndProject
Project("{FAE04EC0-301F-11D3-BF4B-00C04F79EFBC}") = "Unity.XR.Interaction.Toolkit.Samples.ARStarterAssets", "Unity.XR.Interaction.Toolkit.Samples.ARStarterAssets.csproj", "{EAE9562D-BF3B-BCAD-0C9B-D07478426E15}"
EndProject
Project("{FAE04EC0-301F-11D3-BF4B-00C04F79EFBC}") = "Unity.XR.Interaction.Toolkit.Samples.StarterAssets", "Unity.XR.Interaction.Toolkit.Samples.StarterAssets.csproj", "{15C5CD43-03ED-1ED8-948B-F321550F7AC3}"
EndProject
Project("{FAE04EC0-301F-11D3-BF4B-00C04F79EFBC}") = "Unity.XR.Hands.Samples.VisualizerSample", "Unity.XR.Hands.Samples.VisualizerSample.csproj", "{766B182C-5B58-7C0A-5C94-D9CED5560D2F}"
EndProject
Project("{FAE04EC0-301F-11D3-BF4B-00C04F79EFBC}") = "Unity.XR.Interaction.Toolkit.Samples.Hands.Editor", "Unity.XR.Interaction.Toolkit.Samples.Hands.Editor.csproj", "{9A9DBD08-3F7D-A616-F3D8-7B92E89CCC8F}"
EndProject
Project("{FAE04EC0-301F-11D3-BF4B-00C04F79EFBC}") = "Unity.XR.Interaction.Toolkit.Samples.ARStarterAssets.Editor", "Unity.XR.Interaction.Toolkit.Samples.ARStarterAssets.Editor.csproj", "{03AA2394-0E32-866A-6571-B77CB11D9576}"
EndProject
Project("{FAE04EC0-301F-11D3-BF4B-00C04F79EFBC}") = "Unity.XR.Interaction.Toolkit.Samples.StarterAssets.Editor", "Unity.XR.Interaction.Toolkit.Samples.StarterAssets.Editor.csproj", "{82D1954C-85EC-6E22-0338-3C1FF938DF22}"
EndProject
Global
	GlobalSection(SolutionConfigurationPlatforms) = preSolution
		Debug|Any CPU = Debug|Any CPU
		Release|Any CPU = Release|Any CPU
	EndGlobalSection
	GlobalSection(ProjectConfigurationPlatforms) = postSolution
		{F686F179-A77B-6374-4015-B3ECAC3A8A72}.Debug|Any CPU.ActiveCfg = Debug|Any CPU
		{F686F179-A77B-6374-4015-B3ECAC3A8A72}.Debug|Any CPU.Build.0 = Debug|Any CPU
		{F686F179-A77B-6374-4015-B3ECAC3A8A72}.Release|Any CPU.ActiveCfg = Release|Any CPU
		{F686F179-A77B-6374-4015-B3ECAC3A8A72}.Release|Any CPU.Build.0 = Release|Any CPU
		{1BC47134-49AE-4A40-4EF1-AF0A40058628}.Debug|Any CPU.ActiveCfg = Debug|Any CPU
		{1BC47134-49AE-4A40-4EF1-AF0A40058628}.Debug|Any CPU.Build.0 = Debug|Any CPU
		{1BC47134-49AE-4A40-4EF1-AF0A40058628}.Release|Any CPU.ActiveCfg = Release|Any CPU
		{1BC47134-49AE-4A40-4EF1-AF0A40058628}.Release|Any CPU.Build.0 = Release|Any CPU
		{9B6B5F52-4209-DC02-18F7-8D59B89439C4}.Debug|Any CPU.ActiveCfg = Debug|Any CPU
		{9B6B5F52-4209-DC02-18F7-8D59B89439C4}.Debug|Any CPU.Build.0 = Debug|Any CPU
		{9B6B5F52-4209-DC02-18F7-8D59B89439C4}.Release|Any CPU.ActiveCfg = Release|Any CPU
		{9B6B5F52-4209-DC02-18F7-8D59B89439C4}.Release|Any CPU.Build.0 = Release|Any CPU
		{EAE9562D-BF3B-BCAD-0C9B-D07478426E15}.Debug|Any CPU.ActiveCfg = Debug|Any CPU
		{EAE9562D-BF3B-BCAD-0C9B-D07478426E15}.Debug|Any CPU.Build.0 = Debug|Any CPU
		{EAE9562D-BF3B-BCAD-0C9B-D07478426E15}.Release|Any CPU.ActiveCfg = Release|Any CPU
		{EAE9562D-BF3B-BCAD-0C9B-D07478426E15}.Release|Any CPU.Build.0 = Release|Any CPU
		{15C5CD43-03ED-1ED8-948B-F321550F7AC3}.Debug|Any CPU.ActiveCfg = Debug|Any CPU
		{15C5CD43-03ED-1ED8-948B-F321550F7AC3}.Debug|Any CPU.Build.0 = Debug|Any CPU
		{15C5CD43-03ED-1ED8-948B-F321550F7AC3}.Release|Any CPU.ActiveCfg = Release|Any CPU
		{15C5CD43-03ED-1ED8-948B-F321550F7AC3}.Release|Any CPU.Build.0 = Release|Any CPU
		{766B182C-5B58-7C0A-5C94-D9CED5560D2F}.Debug|Any CPU.ActiveCfg = Debug|Any CPU
		{766B182C-5B58-7C0A-5C94-D9CED5560D2F}.Debug|Any CPU.Build.0 = Debug|Any CPU
		{766B182C-5B58-7C0A-5C94-D9CED5560D2F}.Release|Any CPU.ActiveCfg = Release|Any CPU
		{766B182C-5B58-7C0A-5C94-D9CED5560D2F}.Release|Any CPU.Build.0 = Release|Any CPU
		{9A9DBD08-3F7D-A616-F3D8-7B92E89CCC8F}.Debug|Any CPU.ActiveCfg = Debug|Any CPU
		{9A9DBD08-3F7D-A616-F3D8-7B92E89CCC8F}.Debug|Any CPU.Build.0 = Debug|Any CPU
		{9A9DBD08-3F7D-A616-F3D8-7B92E89CCC8F}.Release|Any CPU.ActiveCfg = Release|Any CPU
		{9A9DBD08-3F7D-A616-F3D8-7B92E89CCC8F}.Release|Any CPU.Build.0 = Release|Any CPU
		{03AA2394-0E32-866A-6571-B77CB11D9576}.Debug|Any CPU.ActiveCfg = Debug|Any CPU
		{03AA2394-0E32-866A-6571-B77CB11D9576}.Debug|Any CPU.Build.0 = Debug|Any CPU
		{03AA2394-0E32-866A-6571-B77CB11D9576}.Release|Any CPU.ActiveCfg = Release|Any CPU
		{03AA2394-0E32-866A-6571-B77CB11D9576}.Release|Any CPU.Build.0 = Release|Any CPU
		{82D1954C-85EC-6E22-0338-3C1FF938DF22}.Debug|Any CPU.ActiveCfg = Debug|Any CPU
		{82D1954C-85EC-6E22-0338-3C1FF938DF22}.Debug|Any CPU.Build.0 = Debug|Any CPU
		{82D1954C-85EC-6E22-0338-3C1FF938DF22}.Release|Any CPU.ActiveCfg = Release|Any CPU
		{82D1954C-85EC-6E22-0338-3C1FF938DF22}.Release|Any CPU.Build.0 = Release|Any CPU
	EndGlobalSection
	GlobalSection(SolutionProperties) = preSolution
		HideSolutionNode = FALSE
	EndGlobalSection
EndGlobal
